
Microsoft Visual Studio Solution File, Format Version 12.00
# Visual Studio 15
VisualStudioVersion = 15.0.28010.2048
MinimumVisualStudioVersion = 10.0.40219.1
Project("{FAE04EC0-301F-11D3-BF4B-00C04F79EFBC}") = "Plano_Círculo_Solos", "Plano_Círculo_Solos\Plano_Círculo_Solos.csproj", "{D41C5C2E-7DCD-48C4-92ED-1AD7EBD79069}"
EndProject
Global
	GlobalSection(SolutionConfigurationPlatforms) = preSolution
		Debug|Any CPU = Debug|Any CPU
		Release|Any CPU = Release|Any CPU
	EndGlobalSection
	GlobalSection(ProjectConfigurationPlatforms) = postSolution
		{D41C5C2E-7DCD-48C4-92ED-1AD7EBD79069}.Debug|Any CPU.ActiveCfg = Debug|Any CPU
		{D41C5C2E-7DCD-48C4-92ED-1AD7EBD79069}.Debug|Any CPU.Build.0 = Debug|Any CPU
		{D41C5C2E-7DCD-48C4-92ED-1AD7EBD79069}.Release|Any CPU.ActiveCfg = Release|Any CPU
		{D41C5C2E-7DCD-48C4-92ED-1AD7EBD79069}.Release|Any CPU.Build.0 = Release|Any CPU
	EndGlobalSection
	GlobalSection(SolutionProperties) = preSolution
		HideSolutionNode = FALSE
	EndGlobalSection
	GlobalSection(ExtensibilityGlobals) = postSolution
		SolutionGuid = {9059C906-02AC-4FD2-8266-EDFBAAB6B019}
	EndGlobalSection
EndGlobal
